
Microsoft Visual Studio Solution File, Format Version 12.00
# Visual Studio Version 17
VisualStudioVersion = 17.9.34902.65
MinimumVisualStudioVersion = 10.0.40219.1
Project("{FAE04EC0-301F-11D3-BF4B-00C04F79EFBC}") = "AdmiralSunk", "AdmiralSunk\AdmiralSunk.csproj", "{A0646988-2979-4424-BBE9-DA52F5BB2D9C}"
EndProject
Project("{FAE04EC0-301F-11D3-BF4B-00C04F79EFBC}") = "CommandPlugin", "CommandPlugin\CommandPlugin.csproj", "{9953107E-7214-4124-BCE6-4A9DD7F789A4}"
EndProject
Project("{FAE04EC0-301F-11D3-BF4B-00C04F79EFBC}") = "AISystem", "AISystem\AISystem.csproj", "{9A290FF8-CB40-48C9-932C-4AF637B614CD}"
EndProject
Global
	GlobalSection(SolutionConfigurationPlatforms) = preSolution
		Debug|Any CPU = Debug|Any CPU
		Release|Any CPU = Release|Any CPU
	EndGlobalSection
	GlobalSection(ProjectConfigurationPlatforms) = postSolution
		{A0646988-2979-4424-BBE9-DA52F5BB2D9C}.Debug|Any CPU.ActiveCfg = Debug|Any CPU
		{A0646988-2979-4424-BBE9-DA52F5BB2D9C}.Debug|Any CPU.Build.0 = Debug|Any CPU
		{A0646988-2979-4424-BBE9-DA52F5BB2D9C}.Release|Any CPU.ActiveCfg = Release|Any CPU
		{A0646988-2979-4424-BBE9-DA52F5BB2D9C}.Release|Any CPU.Build.0 = Release|Any CPU
		{9953107E-7214-4124-BCE6-4A9DD7F789A4}.Debug|Any CPU.ActiveCfg = Debug|Any CPU
		{9953107E-7214-4124-BCE6-4A9DD7F789A4}.Debug|Any CPU.Build.0 = Debug|Any CPU
		{9953107E-7214-4124-BCE6-4A9DD7F789A4}.Release|Any CPU.ActiveCfg = Release|Any CPU
		{9953107E-7214-4124-BCE6-4A9DD7F789A4}.Release|Any CPU.Build.0 = Release|Any CPU
		{9A290FF8-CB40-48C9-932C-4AF637B614CD}.Debug|Any CPU.ActiveCfg = Debug|Any CPU
		{9A290FF8-CB40-48C9-932C-4AF637B614CD}.Debug|Any CPU.Build.0 = Debug|Any CPU
		{9A290FF8-CB40-48C9-932C-4AF637B614CD}.Release|Any CPU.ActiveCfg = Release|Any CPU
		{9A290FF8-CB40-48C9-932C-4AF637B614CD}.Release|Any CPU.Build.0 = Release|Any CPU
	EndGlobalSection
	GlobalSection(SolutionProperties) = preSolution
		HideSolutionNode = FALSE
	EndGlobalSection
	GlobalSection(ExtensibilityGlobals) = postSolution
		SolutionGuid = {80FD2D49-A37E-463B-8BCA-4C141BE58CAD}
	EndGlobalSection
EndGlobal
